
Microsoft Visual Studio Solution File, Format Version 12.00
# Visual Studio Version 16
VisualStudioVersion = 16.0.29123.89
MinimumVisualStudioVersion = 10.0.40219.1
Project("{FAE04EC0-301F-11D3-BF4B-00C04F79EFBC}") = "DotNet.WebApi.Delegate", "DotNet.WebApi.DelegateHandlers\DotNet.WebApi.Delegate.csproj", "{823A4129-9830-4A0E-A342-AA7419F73594}"
EndProject
Project("{FAE04EC0-301F-11D3-BF4B-00C04F79EFBC}") = "Rs.App.WebApi.RouteConstraint", "Rs.App.WebApi.RouteConstraint\Rs.App.WebApi.RouteConstraint.csproj", "{1596792E-5EAE-4B9A-9917-09298A910AC1}"
EndProject
Global
	GlobalSection(SolutionConfigurationPlatforms) = preSolution
		Debug|Any CPU = Debug|Any CPU
		Release|Any CPU = Release|Any CPU
	EndGlobalSection
	GlobalSection(ProjectConfigurationPlatforms) = postSolution
		{823A4129-9830-4A0E-A342-AA7419F73594}.Debug|Any CPU.ActiveCfg = Debug|Any CPU
		{823A4129-9830-4A0E-A342-AA7419F73594}.Debug|Any CPU.Build.0 = Debug|Any CPU
		{823A4129-9830-4A0E-A342-AA7419F73594}.Release|Any CPU.ActiveCfg = Release|Any CPU
		{823A4129-9830-4A0E-A342-AA7419F73594}.Release|Any CPU.Build.0 = Release|Any CPU
		{1596792E-5EAE-4B9A-9917-09298A910AC1}.Debug|Any CPU.ActiveCfg = Debug|Any CPU
		{1596792E-5EAE-4B9A-9917-09298A910AC1}.Debug|Any CPU.Build.0 = Debug|Any CPU
		{1596792E-5EAE-4B9A-9917-09298A910AC1}.Release|Any CPU.ActiveCfg = Release|Any CPU
		{1596792E-5EAE-4B9A-9917-09298A910AC1}.Release|Any CPU.Build.0 = Release|Any CPU
	EndGlobalSection
	GlobalSection(SolutionProperties) = preSolution
		HideSolutionNode = FALSE
	EndGlobalSection
	GlobalSection(ExtensibilityGlobals) = postSolution
		SolutionGuid = {D5324CCA-0E32-4DED-A09B-E8B6AB8694AF}
	EndGlobalSection
EndGlobal
